
Microsoft Visual Studio Solution File, Format Version 12.00
# Visual Studio Version 17
VisualStudioVersion = 17.0.31903.59
MinimumVisualStudioVersion = 10.0.40219.1
Project("{9A19103F-16F7-4668-BE54-9A1E7A4F7556}") = "LTres.OltApi.WebApi", "LTres.OltApi.WebApi\LTres.OltApi.WebApi.csproj", "{D86D3290-29D8-4A5A-B890-4912CF2BF2F5}"
EndProject
Project("{9A19103F-16F7-4668-BE54-9A1E7A4F7556}") = "LTres.OltApi.Common", "LTres.OltApi.Common\LTres.OltApi.Common.csproj", "{1AFF77AF-5E80-4791-B88E-B82A1AE93FF3}"
EndProject
Project("{9A19103F-16F7-4668-BE54-9A1E7A4F7556}") = "LTres.OltApi.Core", "LTres.OltApi.Core\LTres.OltApi.Core.csproj", "{E521DD85-558E-4B19-85FE-A68255508440}"
EndProject
Project("{9A19103F-16F7-4668-BE54-9A1E7A4F7556}") = "LTres.OltApi.Mongo", "LTres.OltApi.Mongo\LTres.OltApi.Mongo.csproj", "{66D94558-A823-4875-AC0E-ACE0E7B4EC90}"
EndProject
Project("{9A19103F-16F7-4668-BE54-9A1E7A4F7556}") = "LTres.OltApi.WorkerController", "LTres.OltApi.WorkerController\LTres.OltApi.WorkerController.csproj", "{21827E03-8DE6-4847-A6B6-FC95ED9FCF1D}"
EndProject
Project("{9A19103F-16F7-4668-BE54-9A1E7A4F7556}") = "LTres.OltApi.RabbitMQ", "LTres.OltApi.RabbitMQ\LTres.OltApi.RabbitMQ.csproj", "{B933889C-872B-42DF-9172-9EA094C718CD}"
EndProject
Project("{9A19103F-16F7-4668-BE54-9A1E7A4F7556}") = "LTres.OltApi.Worker", "LTres.OltApi.Worker\LTres.OltApi.Worker.csproj", "{6719A97B-7508-4B6E-8108-D40A4FB0908D}"
EndProject
Project("{9A19103F-16F7-4668-BE54-9A1E7A4F7556}") = "LTres.OltApi.Snmp", "LTres.OltApi.Snmp\LTres.OltApi.Snmp.csproj", "{29E197BB-ACAD-4D2B-BC9B-0A3FCD5A22AB}"
EndProject
Project("{9A19103F-16F7-4668-BE54-9A1E7A4F7556}") = "LTres.OltApi.CLI", "LTres.OltApi.CLI\LTres.OltApi.CLI.csproj", "{6F2CD7AE-B549-4AF7-B6B0-4E57B56F29FA}"
EndProject
Project("{9A19103F-16F7-4668-BE54-9A1E7A4F7556}") = "LTres.OltApi.Communication", "LTres.OltApi.Communication\LTres.OltApi.Communication.csproj", "{4A41B08D-E02F-416C-9BE8-55EA58916B8F}"
EndProject
Project("{2150E333-8FDC-42A3-9474-1A3956D46DE8}") = "Solution Items", "Solution Items", "{9DAE494A-8A82-4D74-AD9B-809F5D2D4921}"
	ProjectSection(SolutionItems) = preProject
		docker-compose.yml = docker-compose.yml
		README.md = README.md
	EndProjectSection
EndProject
Project("{2150E333-8FDC-42A3-9474-1A3956D46DE8}") = "Tests", "Tests", "{02EA681E-C7D8-13C7-8484-4AC65E1B71E8}"
EndProject
Project("{FAE04EC0-301F-11D3-BF4B-00C04F79EFBC}") = "LTres.OltApi.Core.Tests", "Tests\LTres.OltApi.Core.Tests\LTres.OltApi.Core.Tests.csproj", "{76178D1C-692E-465B-B8FC-C2B5180ABC6C}"
EndProject
Project("{FAE04EC0-301F-11D3-BF4B-00C04F79EFBC}") = "LTres.OltApi.UI.Client", "LTres.OltApi.UI.Client\LTres.OltApi.UI.Client.csproj", "{7218F956-3115-4BAA-A741-FE2A83DEF890}"
EndProject
Project("{2150E333-8FDC-42A3-9474-1A3956D46DE8}") = "UI", "UI", "{5C51E672-973E-47AD-B348-05E9B6FD1A8E}"
EndProject
Project("{FAE04EC0-301F-11D3-BF4B-00C04F79EFBC}") = "LTres.OltApi.UI.Server", "LTres.OltApi.UI.Server\LTres.OltApi.UI.Server.csproj", "{A2EAF9F1-36FB-4D64-ACF3-8B934A95E2FA}"
EndProject
Project("{FAE04EC0-301F-11D3-BF4B-00C04F79EFBC}") = "LTres.OltApi.UI.Shared", "LTres.OltApi.UI.Shared\LTres.OltApi.UI.Shared.csproj", "{023C2138-0356-494C-8935-18EA50197290}"
EndProject
Global
	GlobalSection(SolutionConfigurationPlatforms) = preSolution
		Debug|Any CPU = Debug|Any CPU
		Release|Any CPU = Release|Any CPU
	EndGlobalSection
	GlobalSection(ProjectConfigurationPlatforms) = postSolution
		{D86D3290-29D8-4A5A-B890-4912CF2BF2F5}.Debug|Any CPU.ActiveCfg = Debug|Any CPU
		{D86D3290-29D8-4A5A-B890-4912CF2BF2F5}.Debug|Any CPU.Build.0 = Debug|Any CPU
		{D86D3290-29D8-4A5A-B890-4912CF2BF2F5}.Release|Any CPU.ActiveCfg = Release|Any CPU
		{D86D3290-29D8-4A5A-B890-4912CF2BF2F5}.Release|Any CPU.Build.0 = Release|Any CPU
		{1AFF77AF-5E80-4791-B88E-B82A1AE93FF3}.Debug|Any CPU.ActiveCfg = Debug|Any CPU
		{1AFF77AF-5E80-4791-B88E-B82A1AE93FF3}.Debug|Any CPU.Build.0 = Debug|Any CPU
		{1AFF77AF-5E80-4791-B88E-B82A1AE93FF3}.Release|Any CPU.ActiveCfg = Release|Any CPU
		{1AFF77AF-5E80-4791-B88E-B82A1AE93FF3}.Release|Any CPU.Build.0 = Release|Any CPU
		{E521DD85-558E-4B19-85FE-A68255508440}.Debug|Any CPU.ActiveCfg = Debug|Any CPU
		{E521DD85-558E-4B19-85FE-A68255508440}.Debug|Any CPU.Build.0 = Debug|Any CPU
		{E521DD85-558E-4B19-85FE-A68255508440}.Release|Any CPU.ActiveCfg = Release|Any CPU
		{E521DD85-558E-4B19-85FE-A68255508440}.Release|Any CPU.Build.0 = Release|Any CPU
		{66D94558-A823-4875-AC0E-ACE0E7B4EC90}.Debug|Any CPU.ActiveCfg = Debug|Any CPU
		{66D94558-A823-4875-AC0E-ACE0E7B4EC90}.Debug|Any CPU.Build.0 = Debug|Any CPU
		{66D94558-A823-4875-AC0E-ACE0E7B4EC90}.Release|Any CPU.ActiveCfg = Release|Any CPU
		{66D94558-A823-4875-AC0E-ACE0E7B4EC90}.Release|Any CPU.Build.0 = Release|Any CPU
		{21827E03-8DE6-4847-A6B6-FC95ED9FCF1D}.Debug|Any CPU.ActiveCfg = Debug|Any CPU
		{21827E03-8DE6-4847-A6B6-FC95ED9FCF1D}.Debug|Any CPU.Build.0 = Debug|Any CPU
		{21827E03-8DE6-4847-A6B6-FC95ED9FCF1D}.Release|Any CPU.ActiveCfg = Release|Any CPU
		{21827E03-8DE6-4847-A6B6-FC95ED9FCF1D}.Release|Any CPU.Build.0 = Release|Any CPU
		{B933889C-872B-42DF-9172-9EA094C718CD}.Debug|Any CPU.ActiveCfg = Debug|Any CPU
		{B933889C-872B-42DF-9172-9EA094C718CD}.Debug|Any CPU.Build.0 = Debug|Any CPU
		{B933889C-872B-42DF-9172-9EA094C718CD}.Release|Any CPU.ActiveCfg = Release|Any CPU
		{B933889C-872B-42DF-9172-9EA094C718CD}.Release|Any CPU.Build.0 = Release|Any CPU
		{6719A97B-7508-4B6E-8108-D40A4FB0908D}.Debug|Any CPU.ActiveCfg = Debug|Any CPU
		{6719A97B-7508-4B6E-8108-D40A4FB0908D}.Debug|Any CPU.Build.0 = Debug|Any CPU
		{6719A97B-7508-4B6E-8108-D40A4FB0908D}.Release|Any CPU.ActiveCfg = Release|Any CPU
		{6719A97B-7508-4B6E-8108-D40A4FB0908D}.Release|Any CPU.Build.0 = Release|Any CPU
		{29E197BB-ACAD-4D2B-BC9B-0A3FCD5A22AB}.Debug|Any CPU.ActiveCfg = Debug|Any CPU
		{29E197BB-ACAD-4D2B-BC9B-0A3FCD5A22AB}.Debug|Any CPU.Build.0 = Debug|Any CPU
		{29E197BB-ACAD-4D2B-BC9B-0A3FCD5A22AB}.Release|Any CPU.ActiveCfg = Release|Any CPU
		{29E197BB-ACAD-4D2B-BC9B-0A3FCD5A22AB}.Release|Any CPU.Build.0 = Release|Any CPU
		{6F2CD7AE-B549-4AF7-B6B0-4E57B56F29FA}.Debug|Any CPU.ActiveCfg = Debug|Any CPU
		{6F2CD7AE-B549-4AF7-B6B0-4E57B56F29FA}.Debug|Any CPU.Build.0 = Debug|Any CPU
		{6F2CD7AE-B549-4AF7-B6B0-4E57B56F29FA}.Release|Any CPU.ActiveCfg = Release|Any CPU
		{6F2CD7AE-B549-4AF7-B6B0-4E57B56F29FA}.Release|Any CPU.Build.0 = Release|Any CPU
		{4A41B08D-E02F-416C-9BE8-55EA58916B8F}.Debug|Any CPU.ActiveCfg = Debug|Any CPU
		{4A41B08D-E02F-416C-9BE8-55EA58916B8F}.Debug|Any CPU.Build.0 = Debug|Any CPU
		{4A41B08D-E02F-416C-9BE8-55EA58916B8F}.Release|Any CPU.ActiveCfg = Release|Any CPU
		{4A41B08D-E02F-416C-9BE8-55EA58916B8F}.Release|Any CPU.Build.0 = Release|Any CPU
		{76178D1C-692E-465B-B8FC-C2B5180ABC6C}.Debug|Any CPU.ActiveCfg = Debug|Any CPU
		{76178D1C-692E-465B-B8FC-C2B5180ABC6C}.Debug|Any CPU.Build.0 = Debug|Any CPU
		{76178D1C-692E-465B-B8FC-C2B5180ABC6C}.Release|Any CPU.ActiveCfg = Release|Any CPU
		{76178D1C-692E-465B-B8FC-C2B5180ABC6C}.Release|Any CPU.Build.0 = Release|Any CPU
		{7218F956-3115-4BAA-A741-FE2A83DEF890}.Debug|Any CPU.ActiveCfg = Debug|Any CPU
		{7218F956-3115-4BAA-A741-FE2A83DEF890}.Debug|Any CPU.Build.0 = Debug|Any CPU
		{7218F956-3115-4BAA-A741-FE2A83DEF890}.Release|Any CPU.ActiveCfg = Release|Any CPU
		{7218F956-3115-4BAA-A741-FE2A83DEF890}.Release|Any CPU.Build.0 = Release|Any CPU
		{A2EAF9F1-36FB-4D64-ACF3-8B934A95E2FA}.Debug|Any CPU.ActiveCfg = Debug|Any CPU
		{A2EAF9F1-36FB-4D64-ACF3-8B934A95E2FA}.Debug|Any CPU.Build.0 = Debug|Any CPU
		{A2EAF9F1-36FB-4D64-ACF3-8B934A95E2FA}.Release|Any CPU.ActiveCfg = Release|Any CPU
		{A2EAF9F1-36FB-4D64-ACF3-8B934A95E2FA}.Release|Any CPU.Build.0 = Release|Any CPU
		{023C2138-0356-494C-8935-18EA50197290}.Debug|Any CPU.ActiveCfg = Debug|Any CPU
		{023C2138-0356-494C-8935-18EA50197290}.Debug|Any CPU.Build.0 = Debug|Any CPU
		{023C2138-0356-494C-8935-18EA50197290}.Release|Any CPU.ActiveCfg = Release|Any CPU
		{023C2138-0356-494C-8935-18EA50197290}.Release|Any CPU.Build.0 = Release|Any CPU
	EndGlobalSection
	GlobalSection(SolutionProperties) = preSolution
		HideSolutionNode = FALSE
	EndGlobalSection
	GlobalSection(NestedProjects) = preSolution
		{76178D1C-692E-465B-B8FC-C2B5180ABC6C} = {02EA681E-C7D8-13C7-8484-4AC65E1B71E8}
		{7218F956-3115-4BAA-A741-FE2A83DEF890} = {5C51E672-973E-47AD-B348-05E9B6FD1A8E}
		{A2EAF9F1-36FB-4D64-ACF3-8B934A95E2FA} = {5C51E672-973E-47AD-B348-05E9B6FD1A8E}
		{023C2138-0356-494C-8935-18EA50197290} = {5C51E672-973E-47AD-B348-05E9B6FD1A8E}
	EndGlobalSection
	GlobalSection(ExtensibilityGlobals) = postSolution
		SolutionGuid = {554E79BF-3181-47D5-9F62-C84B6C340EF1}
	EndGlobalSection
EndGlobal
