
Microsoft Visual Studio Solution File, Format Version 12.00
# Visual Studio Version 17
VisualStudioVersion = 17.0.31903.59
MinimumVisualStudioVersion = 10.0.40219.1
Project("{9A19103F-16F7-4668-BE54-9A1E7A4F7556}") = "LTres.Olt.Api.WebApi", "LTres.Olt.Api.WebApi\LTres.Olt.Api.WebApi.csproj", "{D86D3290-29D8-4A5A-B890-4912CF2BF2F5}"
EndProject
Project("{9A19103F-16F7-4668-BE54-9A1E7A4F7556}") = "LTres.Olt.Api.Common", "LTres.Olt.Api.Common\LTres.Olt.Api.Common.csproj", "{1AFF77AF-5E80-4791-B88E-B82A1AE93FF3}"
EndProject
Project("{9A19103F-16F7-4668-BE54-9A1E7A4F7556}") = "LTres.Olt.Api.Core", "LTres.Olt.Api.Core\LTres.Olt.Api.Core.csproj", "{E521DD85-558E-4B19-85FE-A68255508440}"
EndProject
Project("{9A19103F-16F7-4668-BE54-9A1E7A4F7556}") = "LTres.Olt.Api.Mongo", "LTres.Olt.Api.Mongo\LTres.Olt.Api.Mongo.csproj", "{66D94558-A823-4875-AC0E-ACE0E7B4EC90}"
EndProject
Project("{9A19103F-16F7-4668-BE54-9A1E7A4F7556}") = "LTres.Olt.Api.Controller", "LTres.Olt.Api.Controller\LTres.Olt.Api.Controller.csproj", "{21827E03-8DE6-4847-A6B6-FC95ED9FCF1D}"
EndProject
Project("{9A19103F-16F7-4668-BE54-9A1E7A4F7556}") = "LTres.Olt.Api.RabbitMQ", "LTres.Olt.Api.RabbitMQ\LTres.Olt.Api.RabbitMQ.csproj", "{B933889C-872B-42DF-9172-9EA094C718CD}"
EndProject
Project("{9A19103F-16F7-4668-BE54-9A1E7A4F7556}") = "LTres.Olt.Api.Worker", "LTres.Olt.Api.Worker\LTres.Olt.Api.Worker.csproj", "{6719A97B-7508-4B6E-8108-D40A4FB0908D}"
EndProject
Project("{9A19103F-16F7-4668-BE54-9A1E7A4F7556}") = "LTres.Olt.Api.Snmp", "LTres.Olt.Api.Snmp\LTres.Olt.Api.Snmp.csproj", "{29E197BB-ACAD-4D2B-BC9B-0A3FCD5A22AB}"
EndProject
Project("{9A19103F-16F7-4668-BE54-9A1E7A4F7556}") = "LTres.Olt.Api.Cli", "LTres.Olt.Api.Cli\LTres.Olt.Api.Cli.csproj", "{6F2CD7AE-B549-4AF7-B6B0-4E57B56F29FA}"
EndProject
Project("{9A19103F-16F7-4668-BE54-9A1E7A4F7556}") = "LTres.Olt.Api.Communication", "LTres.Olt.Api.Communication\LTres.Olt.Api.Communication.csproj", "{4A41B08D-E02F-416C-9BE8-55EA58916B8F}"
EndProject
Project("{2150E333-8FDC-42A3-9474-1A3956D46DE8}") = "Solution Items", "Solution Items", "{9DAE494A-8A82-4D74-AD9B-809F5D2D4921}"
	ProjectSection(SolutionItems) = preProject
		docker-compose.yml = docker-compose.yml
		README.md = README.md
	EndProjectSection
EndProject
Project("{2150E333-8FDC-42A3-9474-1A3956D46DE8}") = "Tests", "Tests", "{02EA681E-C7D8-13C7-8484-4AC65E1B71E8}"
EndProject
Project("{FAE04EC0-301F-11D3-BF4B-00C04F79EFBC}") = "LTres.Olt.Api.Core.Tests", "Tests\LTres.Olt.Api.Core.Tests\LTres.Olt.Api.Core.Tests.csproj", "{76178D1C-692E-465B-B8FC-C2B5180ABC6C}"
EndProject
Project("{FAE04EC0-301F-11D3-BF4B-00C04F79EFBC}") = "LTres.Olt.Api.Mongo.Tests", "Tests\LTres.Olt.Api.Mongo.Tests\LTres.Olt.Api.Mongo.Tests.csproj", "{57F11419-A39A-4355-A0D0-8FFCA62A681C}"
EndProject
Global
	GlobalSection(SolutionConfigurationPlatforms) = preSolution
		Debug|Any CPU = Debug|Any CPU
		Debug|x64 = Debug|x64
		Debug|x86 = Debug|x86
		Release|Any CPU = Release|Any CPU
		Release|x64 = Release|x64
		Release|x86 = Release|x86
	EndGlobalSection
	GlobalSection(ProjectConfigurationPlatforms) = postSolution
		{D86D3290-29D8-4A5A-B890-4912CF2BF2F5}.Debug|Any CPU.ActiveCfg = Debug|Any CPU
		{D86D3290-29D8-4A5A-B890-4912CF2BF2F5}.Debug|Any CPU.Build.0 = Debug|Any CPU
		{D86D3290-29D8-4A5A-B890-4912CF2BF2F5}.Debug|x64.ActiveCfg = Debug|Any CPU
		{D86D3290-29D8-4A5A-B890-4912CF2BF2F5}.Debug|x64.Build.0 = Debug|Any CPU
		{D86D3290-29D8-4A5A-B890-4912CF2BF2F5}.Debug|x86.ActiveCfg = Debug|Any CPU
		{D86D3290-29D8-4A5A-B890-4912CF2BF2F5}.Debug|x86.Build.0 = Debug|Any CPU
		{D86D3290-29D8-4A5A-B890-4912CF2BF2F5}.Release|Any CPU.ActiveCfg = Release|Any CPU
		{D86D3290-29D8-4A5A-B890-4912CF2BF2F5}.Release|Any CPU.Build.0 = Release|Any CPU
		{D86D3290-29D8-4A5A-B890-4912CF2BF2F5}.Release|x64.ActiveCfg = Release|Any CPU
		{D86D3290-29D8-4A5A-B890-4912CF2BF2F5}.Release|x64.Build.0 = Release|Any CPU
		{D86D3290-29D8-4A5A-B890-4912CF2BF2F5}.Release|x86.ActiveCfg = Release|Any CPU
		{D86D3290-29D8-4A5A-B890-4912CF2BF2F5}.Release|x86.Build.0 = Release|Any CPU
		{1AFF77AF-5E80-4791-B88E-B82A1AE93FF3}.Debug|Any CPU.ActiveCfg = Debug|Any CPU
		{1AFF77AF-5E80-4791-B88E-B82A1AE93FF3}.Debug|Any CPU.Build.0 = Debug|Any CPU
		{1AFF77AF-5E80-4791-B88E-B82A1AE93FF3}.Debug|x64.ActiveCfg = Debug|Any CPU
		{1AFF77AF-5E80-4791-B88E-B82A1AE93FF3}.Debug|x64.Build.0 = Debug|Any CPU
		{1AFF77AF-5E80-4791-B88E-B82A1AE93FF3}.Debug|x86.ActiveCfg = Debug|Any CPU
		{1AFF77AF-5E80-4791-B88E-B82A1AE93FF3}.Debug|x86.Build.0 = Debug|Any CPU
		{1AFF77AF-5E80-4791-B88E-B82A1AE93FF3}.Release|Any CPU.ActiveCfg = Release|Any CPU
		{1AFF77AF-5E80-4791-B88E-B82A1AE93FF3}.Release|Any CPU.Build.0 = Release|Any CPU
		{1AFF77AF-5E80-4791-B88E-B82A1AE93FF3}.Release|x64.ActiveCfg = Release|Any CPU
		{1AFF77AF-5E80-4791-B88E-B82A1AE93FF3}.Release|x64.Build.0 = Release|Any CPU
		{1AFF77AF-5E80-4791-B88E-B82A1AE93FF3}.Release|x86.ActiveCfg = Release|Any CPU
		{1AFF77AF-5E80-4791-B88E-B82A1AE93FF3}.Release|x86.Build.0 = Release|Any CPU
		{E521DD85-558E-4B19-85FE-A68255508440}.Debug|Any CPU.ActiveCfg = Debug|Any CPU
		{E521DD85-558E-4B19-85FE-A68255508440}.Debug|Any CPU.Build.0 = Debug|Any CPU
		{E521DD85-558E-4B19-85FE-A68255508440}.Debug|x64.ActiveCfg = Debug|Any CPU
		{E521DD85-558E-4B19-85FE-A68255508440}.Debug|x64.Build.0 = Debug|Any CPU
		{E521DD85-558E-4B19-85FE-A68255508440}.Debug|x86.ActiveCfg = Debug|Any CPU
		{E521DD85-558E-4B19-85FE-A68255508440}.Debug|x86.Build.0 = Debug|Any CPU
		{E521DD85-558E-4B19-85FE-A68255508440}.Release|Any CPU.ActiveCfg = Release|Any CPU
		{E521DD85-558E-4B19-85FE-A68255508440}.Release|Any CPU.Build.0 = Release|Any CPU
		{E521DD85-558E-4B19-85FE-A68255508440}.Release|x64.ActiveCfg = Release|Any CPU
		{E521DD85-558E-4B19-85FE-A68255508440}.Release|x64.Build.0 = Release|Any CPU
		{E521DD85-558E-4B19-85FE-A68255508440}.Release|x86.ActiveCfg = Release|Any CPU
		{E521DD85-558E-4B19-85FE-A68255508440}.Release|x86.Build.0 = Release|Any CPU
		{66D94558-A823-4875-AC0E-ACE0E7B4EC90}.Debug|Any CPU.ActiveCfg = Debug|Any CPU
		{66D94558-A823-4875-AC0E-ACE0E7B4EC90}.Debug|Any CPU.Build.0 = Debug|Any CPU
		{66D94558-A823-4875-AC0E-ACE0E7B4EC90}.Debug|x64.ActiveCfg = Debug|Any CPU
		{66D94558-A823-4875-AC0E-ACE0E7B4EC90}.Debug|x64.Build.0 = Debug|Any CPU
		{66D94558-A823-4875-AC0E-ACE0E7B4EC90}.Debug|x86.ActiveCfg = Debug|Any CPU
		{66D94558-A823-4875-AC0E-ACE0E7B4EC90}.Debug|x86.Build.0 = Debug|Any CPU
		{66D94558-A823-4875-AC0E-ACE0E7B4EC90}.Release|Any CPU.ActiveCfg = Release|Any CPU
		{66D94558-A823-4875-AC0E-ACE0E7B4EC90}.Release|Any CPU.Build.0 = Release|Any CPU
		{66D94558-A823-4875-AC0E-ACE0E7B4EC90}.Release|x64.ActiveCfg = Release|Any CPU
		{66D94558-A823-4875-AC0E-ACE0E7B4EC90}.Release|x64.Build.0 = Release|Any CPU
		{66D94558-A823-4875-AC0E-ACE0E7B4EC90}.Release|x86.ActiveCfg = Release|Any CPU
		{66D94558-A823-4875-AC0E-ACE0E7B4EC90}.Release|x86.Build.0 = Release|Any CPU
		{21827E03-8DE6-4847-A6B6-FC95ED9FCF1D}.Debug|Any CPU.ActiveCfg = Debug|Any CPU
		{21827E03-8DE6-4847-A6B6-FC95ED9FCF1D}.Debug|Any CPU.Build.0 = Debug|Any CPU
		{21827E03-8DE6-4847-A6B6-FC95ED9FCF1D}.Debug|x64.ActiveCfg = Debug|Any CPU
		{21827E03-8DE6-4847-A6B6-FC95ED9FCF1D}.Debug|x64.Build.0 = Debug|Any CPU
		{21827E03-8DE6-4847-A6B6-FC95ED9FCF1D}.Debug|x86.ActiveCfg = Debug|Any CPU
		{21827E03-8DE6-4847-A6B6-FC95ED9FCF1D}.Debug|x86.Build.0 = Debug|Any CPU
		{21827E03-8DE6-4847-A6B6-FC95ED9FCF1D}.Release|Any CPU.ActiveCfg = Release|Any CPU
		{21827E03-8DE6-4847-A6B6-FC95ED9FCF1D}.Release|Any CPU.Build.0 = Release|Any CPU
		{21827E03-8DE6-4847-A6B6-FC95ED9FCF1D}.Release|x64.ActiveCfg = Release|Any CPU
		{21827E03-8DE6-4847-A6B6-FC95ED9FCF1D}.Release|x64.Build.0 = Release|Any CPU
		{21827E03-8DE6-4847-A6B6-FC95ED9FCF1D}.Release|x86.ActiveCfg = Release|Any CPU
		{21827E03-8DE6-4847-A6B6-FC95ED9FCF1D}.Release|x86.Build.0 = Release|Any CPU
		{B933889C-872B-42DF-9172-9EA094C718CD}.Debug|Any CPU.ActiveCfg = Debug|Any CPU
		{B933889C-872B-42DF-9172-9EA094C718CD}.Debug|Any CPU.Build.0 = Debug|Any CPU
		{B933889C-872B-42DF-9172-9EA094C718CD}.Debug|x64.ActiveCfg = Debug|Any CPU
		{B933889C-872B-42DF-9172-9EA094C718CD}.Debug|x64.Build.0 = Debug|Any CPU
		{B933889C-872B-42DF-9172-9EA094C718CD}.Debug|x86.ActiveCfg = Debug|Any CPU
		{B933889C-872B-42DF-9172-9EA094C718CD}.Debug|x86.Build.0 = Debug|Any CPU
		{B933889C-872B-42DF-9172-9EA094C718CD}.Release|Any CPU.ActiveCfg = Release|Any CPU
		{B933889C-872B-42DF-9172-9EA094C718CD}.Release|Any CPU.Build.0 = Release|Any CPU
		{B933889C-872B-42DF-9172-9EA094C718CD}.Release|x64.ActiveCfg = Release|Any CPU
		{B933889C-872B-42DF-9172-9EA094C718CD}.Release|x64.Build.0 = Release|Any CPU
		{B933889C-872B-42DF-9172-9EA094C718CD}.Release|x86.ActiveCfg = Release|Any CPU
		{B933889C-872B-42DF-9172-9EA094C718CD}.Release|x86.Build.0 = Release|Any CPU
		{6719A97B-7508-4B6E-8108-D40A4FB0908D}.Debug|Any CPU.ActiveCfg = Debug|Any CPU
		{6719A97B-7508-4B6E-8108-D40A4FB0908D}.Debug|Any CPU.Build.0 = Debug|Any CPU
		{6719A97B-7508-4B6E-8108-D40A4FB0908D}.Debug|x64.ActiveCfg = Debug|Any CPU
		{6719A97B-7508-4B6E-8108-D40A4FB0908D}.Debug|x64.Build.0 = Debug|Any CPU
		{6719A97B-7508-4B6E-8108-D40A4FB0908D}.Debug|x86.ActiveCfg = Debug|Any CPU
		{6719A97B-7508-4B6E-8108-D40A4FB0908D}.Debug|x86.Build.0 = Debug|Any CPU
		{6719A97B-7508-4B6E-8108-D40A4FB0908D}.Release|Any CPU.ActiveCfg = Release|Any CPU
		{6719A97B-7508-4B6E-8108-D40A4FB0908D}.Release|Any CPU.Build.0 = Release|Any CPU
		{6719A97B-7508-4B6E-8108-D40A4FB0908D}.Release|x64.ActiveCfg = Release|Any CPU
		{6719A97B-7508-4B6E-8108-D40A4FB0908D}.Release|x64.Build.0 = Release|Any CPU
		{6719A97B-7508-4B6E-8108-D40A4FB0908D}.Release|x86.ActiveCfg = Release|Any CPU
		{6719A97B-7508-4B6E-8108-D40A4FB0908D}.Release|x86.Build.0 = Release|Any CPU
		{29E197BB-ACAD-4D2B-BC9B-0A3FCD5A22AB}.Debug|Any CPU.ActiveCfg = Debug|Any CPU
		{29E197BB-ACAD-4D2B-BC9B-0A3FCD5A22AB}.Debug|Any CPU.Build.0 = Debug|Any CPU
		{29E197BB-ACAD-4D2B-BC9B-0A3FCD5A22AB}.Debug|x64.ActiveCfg = Debug|Any CPU
		{29E197BB-ACAD-4D2B-BC9B-0A3FCD5A22AB}.Debug|x64.Build.0 = Debug|Any CPU
		{29E197BB-ACAD-4D2B-BC9B-0A3FCD5A22AB}.Debug|x86.ActiveCfg = Debug|Any CPU
		{29E197BB-ACAD-4D2B-BC9B-0A3FCD5A22AB}.Debug|x86.Build.0 = Debug|Any CPU
		{29E197BB-ACAD-4D2B-BC9B-0A3FCD5A22AB}.Release|Any CPU.ActiveCfg = Release|Any CPU
		{29E197BB-ACAD-4D2B-BC9B-0A3FCD5A22AB}.Release|Any CPU.Build.0 = Release|Any CPU
		{29E197BB-ACAD-4D2B-BC9B-0A3FCD5A22AB}.Release|x64.ActiveCfg = Release|Any CPU
		{29E197BB-ACAD-4D2B-BC9B-0A3FCD5A22AB}.Release|x64.Build.0 = Release|Any CPU
		{29E197BB-ACAD-4D2B-BC9B-0A3FCD5A22AB}.Release|x86.ActiveCfg = Release|Any CPU
		{29E197BB-ACAD-4D2B-BC9B-0A3FCD5A22AB}.Release|x86.Build.0 = Release|Any CPU
		{6F2CD7AE-B549-4AF7-B6B0-4E57B56F29FA}.Debug|Any CPU.ActiveCfg = Debug|Any CPU
		{6F2CD7AE-B549-4AF7-B6B0-4E57B56F29FA}.Debug|Any CPU.Build.0 = Debug|Any CPU
		{6F2CD7AE-B549-4AF7-B6B0-4E57B56F29FA}.Debug|x64.ActiveCfg = Debug|Any CPU
		{6F2CD7AE-B549-4AF7-B6B0-4E57B56F29FA}.Debug|x64.Build.0 = Debug|Any CPU
		{6F2CD7AE-B549-4AF7-B6B0-4E57B56F29FA}.Debug|x86.ActiveCfg = Debug|Any CPU
		{6F2CD7AE-B549-4AF7-B6B0-4E57B56F29FA}.Debug|x86.Build.0 = Debug|Any CPU
		{6F2CD7AE-B549-4AF7-B6B0-4E57B56F29FA}.Release|Any CPU.ActiveCfg = Release|Any CPU
		{6F2CD7AE-B549-4AF7-B6B0-4E57B56F29FA}.Release|Any CPU.Build.0 = Release|Any CPU
		{6F2CD7AE-B549-4AF7-B6B0-4E57B56F29FA}.Release|x64.ActiveCfg = Release|Any CPU
		{6F2CD7AE-B549-4AF7-B6B0-4E57B56F29FA}.Release|x64.Build.0 = Release|Any CPU
		{6F2CD7AE-B549-4AF7-B6B0-4E57B56F29FA}.Release|x86.ActiveCfg = Release|Any CPU
		{6F2CD7AE-B549-4AF7-B6B0-4E57B56F29FA}.Release|x86.Build.0 = Release|Any CPU
		{4A41B08D-E02F-416C-9BE8-55EA58916B8F}.Debug|Any CPU.ActiveCfg = Debug|Any CPU
		{4A41B08D-E02F-416C-9BE8-55EA58916B8F}.Debug|Any CPU.Build.0 = Debug|Any CPU
		{4A41B08D-E02F-416C-9BE8-55EA58916B8F}.Debug|x64.ActiveCfg = Debug|Any CPU
		{4A41B08D-E02F-416C-9BE8-55EA58916B8F}.Debug|x64.Build.0 = Debug|Any CPU
		{4A41B08D-E02F-416C-9BE8-55EA58916B8F}.Debug|x86.ActiveCfg = Debug|Any CPU
		{4A41B08D-E02F-416C-9BE8-55EA58916B8F}.Debug|x86.Build.0 = Debug|Any CPU
		{4A41B08D-E02F-416C-9BE8-55EA58916B8F}.Release|Any CPU.ActiveCfg = Release|Any CPU
		{4A41B08D-E02F-416C-9BE8-55EA58916B8F}.Release|Any CPU.Build.0 = Release|Any CPU
		{4A41B08D-E02F-416C-9BE8-55EA58916B8F}.Release|x64.ActiveCfg = Release|Any CPU
		{4A41B08D-E02F-416C-9BE8-55EA58916B8F}.Release|x64.Build.0 = Release|Any CPU
		{4A41B08D-E02F-416C-9BE8-55EA58916B8F}.Release|x86.ActiveCfg = Release|Any CPU
		{4A41B08D-E02F-416C-9BE8-55EA58916B8F}.Release|x86.Build.0 = Release|Any CPU
		{76178D1C-692E-465B-B8FC-C2B5180ABC6C}.Debug|Any CPU.ActiveCfg = Debug|Any CPU
		{76178D1C-692E-465B-B8FC-C2B5180ABC6C}.Debug|Any CPU.Build.0 = Debug|Any CPU
		{76178D1C-692E-465B-B8FC-C2B5180ABC6C}.Debug|x64.ActiveCfg = Debug|Any CPU
		{76178D1C-692E-465B-B8FC-C2B5180ABC6C}.Debug|x64.Build.0 = Debug|Any CPU
		{76178D1C-692E-465B-B8FC-C2B5180ABC6C}.Debug|x86.ActiveCfg = Debug|Any CPU
		{76178D1C-692E-465B-B8FC-C2B5180ABC6C}.Debug|x86.Build.0 = Debug|Any CPU
		{76178D1C-692E-465B-B8FC-C2B5180ABC6C}.Release|Any CPU.ActiveCfg = Release|Any CPU
		{76178D1C-692E-465B-B8FC-C2B5180ABC6C}.Release|Any CPU.Build.0 = Release|Any CPU
		{76178D1C-692E-465B-B8FC-C2B5180ABC6C}.Release|x64.ActiveCfg = Release|Any CPU
		{76178D1C-692E-465B-B8FC-C2B5180ABC6C}.Release|x64.Build.0 = Release|Any CPU
		{76178D1C-692E-465B-B8FC-C2B5180ABC6C}.Release|x86.ActiveCfg = Release|Any CPU
		{76178D1C-692E-465B-B8FC-C2B5180ABC6C}.Release|x86.Build.0 = Release|Any CPU
		{57F11419-A39A-4355-A0D0-8FFCA62A681C}.Debug|Any CPU.ActiveCfg = Debug|Any CPU
		{57F11419-A39A-4355-A0D0-8FFCA62A681C}.Debug|Any CPU.Build.0 = Debug|Any CPU
		{57F11419-A39A-4355-A0D0-8FFCA62A681C}.Debug|x64.ActiveCfg = Debug|Any CPU
		{57F11419-A39A-4355-A0D0-8FFCA62A681C}.Debug|x64.Build.0 = Debug|Any CPU
		{57F11419-A39A-4355-A0D0-8FFCA62A681C}.Debug|x86.ActiveCfg = Debug|Any CPU
		{57F11419-A39A-4355-A0D0-8FFCA62A681C}.Debug|x86.Build.0 = Debug|Any CPU
		{57F11419-A39A-4355-A0D0-8FFCA62A681C}.Release|Any CPU.ActiveCfg = Release|Any CPU
		{57F11419-A39A-4355-A0D0-8FFCA62A681C}.Release|Any CPU.Build.0 = Release|Any CPU
		{57F11419-A39A-4355-A0D0-8FFCA62A681C}.Release|x64.ActiveCfg = Release|Any CPU
		{57F11419-A39A-4355-A0D0-8FFCA62A681C}.Release|x64.Build.0 = Release|Any CPU
		{57F11419-A39A-4355-A0D0-8FFCA62A681C}.Release|x86.ActiveCfg = Release|Any CPU
		{57F11419-A39A-4355-A0D0-8FFCA62A681C}.Release|x86.Build.0 = Release|Any CPU
	EndGlobalSection
	GlobalSection(SolutionProperties) = preSolution
		HideSolutionNode = FALSE
	EndGlobalSection
	GlobalSection(NestedProjects) = preSolution
		{76178D1C-692E-465B-B8FC-C2B5180ABC6C} = {02EA681E-C7D8-13C7-8484-4AC65E1B71E8}
		{57F11419-A39A-4355-A0D0-8FFCA62A681C} = {02EA681E-C7D8-13C7-8484-4AC65E1B71E8}
	EndGlobalSection
	GlobalSection(ExtensibilityGlobals) = postSolution
		SolutionGuid = {554E79BF-3181-47D5-9F62-C84B6C340EF1}
	EndGlobalSection
EndGlobal
